<?xml version="1.0" encoding="utf-8"?>
<Project ToolsVersion="4.0" xmlns="http://schemas.microsoft.com/developer/msbuild/2003">
  <ItemGroup>
    <Filter Include="소스 파일">
      <UniqueIdentifier>{4FC737F1-C7A5-4376-A066-2A32D752A2FF}</UniqueIdentifier>
      <Extensions>cpp;c;cc;cxx;c++;cppm;ixx;def;odl;idl;hpj;bat;asm;asmx</Extensions>
    </Filter>
    <Filter Include="리소스 파일">
      <UniqueIdentifier>{67DA6AB6-F800-4c08-8B7A-83BB121AAD01}</UniqueIdentifier>
      <Extensions>rc;ico;cur;bmp;dlg;rc2;rct;bin;rgs;gif;jpg;jpeg;jpe;resx;tiff;tif;png;wav;mfcribbon-ms</Extensions>
    </Filter>
    <Filter Include="소스 파일\00. Main">
      <UniqueIdentifier>{155b7b0b-3f7c-4abe-a6ab-ef174c30c073}</UniqueIdentifier>
    </Filter>
    <Filter Include="소스 파일\99. Headers">
      <UniqueIdentifier>{15c16f7b-17c4-441d-8337-cf6b3a005f9a}</UniqueIdentifier>
    </Filter>
    <Filter Include="소스 파일\01. DevScene">
      <UniqueIdentifier>{447c7fbc-bd2d-49be-a1b9-6beb44619d6e}</UniqueIdentifier>
    </Filter>
    <Filter Include="소스 파일\01. DevScene\Scripts">
      <UniqueIdentifier>{175d065a-1c04-455d-8d08-5d4c16536cc0}</UniqueIdentifier>
    </Filter>
    <Filter Include="소스 파일\01. DevScene\Scene">
      <UniqueIdentifier>{5af2dd72-bae9-4fc4-9ab5-97a48ca04125}</UniqueIdentifier>
    </Filter>
    <Filter Include="소스 파일\01. DevScene\Prefabs">
      <UniqueIdentifier>{eb8d3636-bf7f-4737-8163-eaa1eaa4fdf2}</UniqueIdentifier>
    </Filter>
  </ItemGroup>
  <ItemGroup>
    <ClCompile Include="Main.cpp">
      <Filter>소스 파일\00. Main</Filter>
    </ClCompile>
    <ClCompile Include="pch.cpp">
      <Filter>소스 파일\99. Headers</Filter>
    </ClCompile>
    <ClCompile Include="Launcher.cpp">
      <Filter>소스 파일\00. Main</Filter>
    </ClCompile>
    <ClCompile Include="DevScene.cpp">
      <Filter>소스 파일\01. DevScene\Scene</Filter>
    </ClCompile>
    <ClCompile Include="example.cpp">
      <Filter>소스 파일\01. DevScene\Scripts</Filter>
    </ClCompile>
  </ItemGroup>
  <ItemGroup>
    <ClInclude Include="Main.h">
      <Filter>소스 파일\00. Main</Filter>
    </ClInclude>
    <ClInclude Include="pch.h">
      <Filter>소스 파일\99. Headers</Filter>
    </ClInclude>
    <ClInclude Include="Launcher.h">
      <Filter>소스 파일\00. Main</Filter>
    </ClInclude>
    <ClInclude Include="DevScene.h">
      <Filter>소스 파일\01. DevScene\Scene</Filter>
    </ClInclude>
    <ClInclude Include="example.h">
      <Filter>소스 파일\01. DevScene\Scripts</Filter>
    </ClInclude>
  </ItemGroup>
</Project>