<?xml version="1.0" encoding="utf-8"?>
<Project ToolsVersion="4.0" xmlns="http://schemas.microsoft.com/developer/msbuild/2003">
  <ItemGroup>
    <Filter Include="소스 파일">
      <UniqueIdentifier>{4FC737F1-C7A5-4376-A066-2A32D752A2FF}</UniqueIdentifier>
      <Extensions>cpp;c;cc;cxx;c++;cppm;ixx;def;odl;idl;hpj;bat;asm;asmx</Extensions>
    </Filter>
    <Filter Include="리소스 파일">
      <UniqueIdentifier>{67DA6AB6-F800-4c08-8B7A-83BB121AAD01}</UniqueIdentifier>
      <Extensions>rc;ico;cur;bmp;dlg;rc2;rct;bin;rgs;gif;jpg;jpeg;jpe;resx;tiff;tif;png;wav;mfcribbon-ms</Extensions>
    </Filter>
    <Filter Include="소스 파일\99. Headers">
      <UniqueIdentifier>{2e8222b2-72c4-4b7d-a913-81d1132786fc}</UniqueIdentifier>
    </Filter>
    <Filter Include="소스 파일\98. Utils">
      <UniqueIdentifier>{3a60ad91-6710-4609-ae90-a0cfe2f75d93}</UniqueIdentifier>
    </Filter>
    <Filter Include="소스 파일\00. Game">
      <UniqueIdentifier>{8a702ee5-bcb3-4612-b3bc-e20866638e48}</UniqueIdentifier>
    </Filter>
    <Filter Include="소스 파일\01. Scene">
      <UniqueIdentifier>{5e9ec61c-b51d-4941-ac8a-7f07d3c46d32}</UniqueIdentifier>
    </Filter>
    <Filter Include="소스 파일\02. GameObject">
      <UniqueIdentifier>{8127e9f0-b0bd-40dd-8182-2850654b2ed1}</UniqueIdentifier>
    </Filter>
    <Filter Include="소스 파일\03. Components">
      <UniqueIdentifier>{fd151420-39e9-4b7c-847a-05fb880144cf}</UniqueIdentifier>
    </Filter>
    <Filter Include="소스 파일\04. Managers">
      <UniqueIdentifier>{57315708-75a5-4a42-86a1-d7df334cad19}</UniqueIdentifier>
    </Filter>
    <Filter Include="소스 파일\06. Interfaces">
      <UniqueIdentifier>{8f2c1730-d5cd-4d45-a6b0-cf62f2240d8c}</UniqueIdentifier>
    </Filter>
    <Filter Include="소스 파일\05. Resources">
      <UniqueIdentifier>{b37283b7-28b8-4d91-bcc1-edfce612cf8d}</UniqueIdentifier>
    </Filter>
    <Filter Include="소스 파일\05. Resources\glsl">
      <UniqueIdentifier>{64426970-de4f-46e6-9858-494d3ae449b6}</UniqueIdentifier>
    </Filter>
    <Filter Include="소스 파일\03. Components\Default">
      <UniqueIdentifier>{7cad5208-f5c6-477e-a817-e9871148cd0b}</UniqueIdentifier>
    </Filter>
    <Filter Include="소스 파일\03. Components\UI">
      <UniqueIdentifier>{833e6185-345e-4ef2-a55f-c84fd9bf3657}</UniqueIdentifier>
    </Filter>
    <Filter Include="소스 파일\97. Debug">
      <UniqueIdentifier>{41f0381a-55b2-44bc-b183-2458c5dae4ba}</UniqueIdentifier>
    </Filter>
    <Filter Include="소스 파일\97. Debug\ErrorLog">
      <UniqueIdentifier>{c95d0177-2fc4-4440-a009-c28cfd683931}</UniqueIdentifier>
    </Filter>
  </ItemGroup>
  <ItemGroup>
    <ClCompile Include="EnginePch.cpp">
      <Filter>소스 파일\99. Headers</Filter>
    </ClCompile>
    <ClCompile Include="pch.cpp">
      <Filter>소스 파일\99. Headers</Filter>
    </ClCompile>
    <ClCompile Include="Game.cpp">
      <Filter>소스 파일\00. Game</Filter>
    </ClCompile>
    <ClCompile Include="ISingleton.cpp">
      <Filter>소스 파일\06. Interfaces</Filter>
    </ClCompile>
    <ClCompile Include="TimeManager.cpp">
      <Filter>소스 파일\04. Managers</Filter>
    </ClCompile>
    <ClCompile Include="IComponent.cpp">
      <Filter>소스 파일\06. Interfaces</Filter>
    </ClCompile>
    <ClCompile Include="IRenderable.cpp">
      <Filter>소스 파일\06. Interfaces</Filter>
    </ClCompile>
    <ClCompile Include="IBehaviour.cpp">
      <Filter>소스 파일\06. Interfaces</Filter>
    </ClCompile>
    <ClCompile Include="GameObject.cpp">
      <Filter>소스 파일\02. GameObject</Filter>
    </ClCompile>
    <ClCompile Include="RenderManager.cpp">
      <Filter>소스 파일\04. Managers</Filter>
    </ClCompile>
    <ClCompile Include="ResourceManager.cpp">
      <Filter>소스 파일\04. Managers</Filter>
    </ClCompile>
    <ClCompile Include="InputManager.cpp">
      <Filter>소스 파일\04. Managers</Filter>
    </ClCompile>
    <ClCompile Include="IResource.cpp">
      <Filter>소스 파일\06. Interfaces</Filter>
    </ClCompile>
    <ClCompile Include="Shader.cpp">
      <Filter>소스 파일\05. Resources</Filter>
    </ClCompile>
    <ClCompile Include="ITexture.cpp">
      <Filter>소스 파일\06. Interfaces</Filter>
    </ClCompile>
    <ClCompile Include="Audio.cpp">
      <Filter>소스 파일\05. Resources</Filter>
    </ClCompile>
    <ClCompile Include="Font.cpp">
      <Filter>소스 파일\05. Resources</Filter>
    </ClCompile>
    <ClCompile Include="Flipbook.cpp">
      <Filter>소스 파일\05. Resources</Filter>
    </ClCompile>
    <ClCompile Include="AudioListener.cpp">
      <Filter>소스 파일\03. Components\Default</Filter>
    </ClCompile>
    <ClCompile Include="AudioSource.cpp">
      <Filter>소스 파일\03. Components\Default</Filter>
    </ClCompile>
    <ClCompile Include="Camera.cpp">
      <Filter>소스 파일\03. Components\Default</Filter>
    </ClCompile>
    <ClCompile Include="Sprite.cpp">
      <Filter>소스 파일\03. Components\Default</Filter>
    </ClCompile>
    <ClCompile Include="Transform.cpp">
      <Filter>소스 파일\03. Components\Default</Filter>
    </ClCompile>
    <ClCompile Include="Texture.cpp">
      <Filter>소스 파일\05. Resources</Filter>
    </ClCompile>
    <ClCompile Include="Logger.cpp">
      <Filter>소스 파일\97. Debug</Filter>
    </ClCompile>
    <ClCompile Include="AudioManager.cpp">
      <Filter>소스 파일\04. Managers</Filter>
    </ClCompile>
  </ItemGroup>
  <ItemGroup>
    <ClInclude Include="EnginePch.h">
      <Filter>소스 파일\99. Headers</Filter>
    </ClInclude>
    <ClInclude Include="pch.h">
      <Filter>소스 파일\99. Headers</Filter>
    </ClInclude>
    <ClInclude Include="Types.h">
      <Filter>소스 파일\99. Headers</Filter>
    </ClInclude>
    <ClInclude Include="Defines.h">
      <Filter>소스 파일\99. Headers</Filter>
    </ClInclude>
    <ClInclude Include="Values.h">
      <Filter>소스 파일\99. Headers</Filter>
    </ClInclude>
    <ClInclude Include="Game.h">
      <Filter>소스 파일\00. Game</Filter>
    </ClInclude>
    <ClInclude Include="ISingleton.h">
      <Filter>소스 파일\06. Interfaces</Filter>
    </ClInclude>
    <ClInclude Include="TimeManager.h">
      <Filter>소스 파일\04. Managers</Filter>
    </ClInclude>
    <ClInclude Include="IComponent.h">
      <Filter>소스 파일\06. Interfaces</Filter>
    </ClInclude>
    <ClInclude Include="IRenderable.h">
      <Filter>소스 파일\06. Interfaces</Filter>
    </ClInclude>
    <ClInclude Include="IBehaviour.h">
      <Filter>소스 파일\06. Interfaces</Filter>
    </ClInclude>
    <ClInclude Include="GameObject.h">
      <Filter>소스 파일\02. GameObject</Filter>
    </ClInclude>
    <ClInclude Include="RenderManager.h">
      <Filter>소스 파일\04. Managers</Filter>
    </ClInclude>
    <ClInclude Include="ResourceManager.h">
      <Filter>소스 파일\04. Managers</Filter>
    </ClInclude>
    <ClInclude Include="InputManager.h">
      <Filter>소스 파일\04. Managers</Filter>
    </ClInclude>
    <ClInclude Include="IResource.h">
      <Filter>소스 파일\06. Interfaces</Filter>
    </ClInclude>
    <ClInclude Include="Shader.h">
      <Filter>소스 파일\05. Resources</Filter>
    </ClInclude>
    <ClInclude Include="ITexture.h">
      <Filter>소스 파일\06. Interfaces</Filter>
    </ClInclude>
    <ClInclude Include="Audio.h">
      <Filter>소스 파일\05. Resources</Filter>
    </ClInclude>
    <ClInclude Include="Font.h">
      <Filter>소스 파일\05. Resources</Filter>
    </ClInclude>
    <ClInclude Include="Flipbook.h">
      <Filter>소스 파일\05. Resources</Filter>
    </ClInclude>
    <ClInclude Include="AudioListener.h">
      <Filter>소스 파일\03. Components\Default</Filter>
    </ClInclude>
    <ClInclude Include="AudioSource.h">
      <Filter>소스 파일\03. Components\Default</Filter>
    </ClInclude>
    <ClInclude Include="Camera.h">
      <Filter>소스 파일\03. Components\Default</Filter>
    </ClInclude>
    <ClInclude Include="Sprite.h">
      <Filter>소스 파일\03. Components\Default</Filter>
    </ClInclude>
    <ClInclude Include="Transform.h">
      <Filter>소스 파일\03. Components\Default</Filter>
    </ClInclude>
    <ClInclude Include="Texture.h">
      <Filter>소스 파일\05. Resources</Filter>
    </ClInclude>
    <ClInclude Include="Logger.h">
      <Filter>소스 파일\97. Debug</Filter>
    </ClInclude>
    <ClInclude Include="AudioManager.h">
      <Filter>소스 파일\04. Managers</Filter>
    </ClInclude>
    <ClInclude Include="Enums.h">
      <Filter>소스 파일\99. Headers</Filter>
    </ClInclude>
  </ItemGroup>
  <ItemGroup>
    <Text Include="..\Debug\Error_report.log">
      <Filter>소스 파일\97. Debug\ErrorLog</Filter>
    </Text>
  </ItemGroup>
  <ItemGroup>
    <None Include="glsl\default.frag">
      <Filter>소스 파일\05. Resources\glsl</Filter>
    </None>
    <None Include="glsl\default.vert">
      <Filter>소스 파일\05. Resources\glsl</Filter>
    </None>
    <None Include="glsl\text.frag">
      <Filter>소스 파일\05. Resources\glsl</Filter>
    </None>
    <None Include="glsl\text.vert">
      <Filter>소스 파일\05. Resources\glsl</Filter>
    </None>
  </ItemGroup>
</Project>